// !$*UTF8*$!
{
	archiveVersion = 1;
	classes = {
	};
	objectVersion = 56;
	objects = {

/* Begin PBXBuildFile section */
		881D2EEE2E57F67800A7D89D /* watchdata_appApp.swift in Sources */ = {isa = PBXBuildFile; fileRef = 881D2EED2E57F67800A7D89D /* watchdata_appApp.swift */; };
		881D2EF02E57F67800A7D89D /* ContentView.swift in Sources */ = {isa = PBXBuildFile; fileRef = 881D2EEF2E57F67800A7D89D /* ContentView.swift */; };
		881D2EF22E57F67A00A7D89D /* Assets.xcassets in Resources */ = {isa = PBXBuildFile; fileRef = 881D2EF12E57F67A00A7D89D /* Assets.xcassets */; };
		881D2EF62E57F67A00A7D89D /* Preview Assets.xcassets in Resources */ = {isa = PBXBuildFile; fileRef = 881D2EF52E57F67A00A7D89D /* Preview Assets.xcassets */; };
		881D2F002E57F67A00A7D89D /* watchdata_appTests.swift in Sources */ = {isa = PBXBuildFile; fileRef = 881D2EFF2E57F67A00A7D89D /* watchdata_appTests.swift */; };
		881D2F0A2E57F67A00A7D89D /* watchdata_appUITests.swift in Sources */ = {isa = PBXBuildFile; fileRef = 881D2F092E57F67A00A7D89D /* watchdata_appUITests.swift */; };
		881D2F0C2E57F67A00A7D89D /* watchdata_appUITestsLaunchTests.swift in Sources */ = {isa = PBXBuildFile; fileRef = 881D2F0B2E57F67A00A7D89D /* watchdata_appUITestsLaunchTests.swift */; };
/* End PBXBuildFile section */

/* Begin PBXContainerItemProxy section */
		881D2EFC2E57F67A00A7D89D /* PBXContainerItemProxy */ = {
			isa = PBXContainerItemProxy;
			containerPortal = 881D2EE22E57F67800A7D89D /* Project object */;
			proxyType = 1;
			remoteGlobalIDString = 881D2EE92E57F67800A7D89D;
			remoteInfo = "watchdata-app";
		};
		881D2F062E57F67A00A7D89D /* PBXContainerItemProxy */ = {
			isa = PBXContainerItemProxy;
			containerPortal = 881D2EE22E57F67800A7D89D /* Project object */;
			proxyType = 1;
			remoteGlobalIDString = 881D2EE92E57F67800A7D89D;
			remoteInfo = "watchdata-app";
		};
/* End PBXContainerItemProxy section */

/* Begin PBXFileReference section */
		881D2EEA2E57F67800A7D89D /* watchdata-app.app */ = {isa = PBXFileReference; explicitFileType = wrapper.application; includeInIndex = 0; path = "watchdata-app.app"; sourceTree = BUILT_PRODUCTS_DIR; };
		881D2EED2E57F67800A7D89D /* watchdata_appApp.swift */ = {isa = PBXFileReference; lastKnownFileType = sourcecode.swift; path = watchdata_appApp.swift; sourceTree = "<group>"; };
		881D2EEF2E57F67800A7D89D /* ContentView.swift */ = {isa = PBXFileReference; lastKnownFileType = sourcecode.swift; path = ContentView.swift; sourceTree = "<group>"; };
		881D2EF12E57F67A00A7D89D /* Assets.xcassets */ = {isa = PBXFileReference; lastKnownFileType = folder.assetcatalog; path = Assets.xcassets; sourceTree = "<group>"; };
		881D2EF32E57F67A00A7D89D /* watchdata_app.entitlements */ = {isa = PBXFileReference; lastKnownFileType = text.plist.entitlements; path = watchdata_app.entitlements; sourceTree = "<group>"; };
		881D2EF52E57F67A00A7D89D /* Preview Assets.xcassets */ = {isa = PBXFileReference; lastKnownFileType = folder.assetcatalog; path = "Preview Assets.xcassets"; sourceTree = "<group>"; };
		881D2EFB2E57F67A00A7D89D /* watchdata-appTests.xctest */ = {isa = PBXFileReference; explicitFileType = wrapper.cfbundle; includeInIndex = 0; path = "watchdata-appTests.xctest"; sourceTree = BUILT_PRODUCTS_DIR; };
		881D2EFF2E57F67A00A7D89D /* watchdata_appTests.swift */ = {isa = PBXFileReference; lastKnownFileType = sourcecode.swift; path = watchdata_appTests.swift; sourceTree = "<group>"; };
		881D2F052E57F67A00A7D89D /* watchdata-appUITests.xctest */ = {isa = PBXFileReference; explicitFileType = wrapper.cfbundle; includeInIndex = 0; path = "watchdata-appUITests.xctest"; sourceTree = BUILT_PRODUCTS_DIR; };
		881D2F092E57F67A00A7D89D /* watchdata_appUITests.swift */ = {isa = PBXFileReference; lastKnownFileType = sourcecode.swift; path = watchdata_appUITests.swift; sourceTree = "<group>"; };
		881D2F0B2E57F67A00A7D89D /* watchdata_appUITestsLaunchTests.swift */ = {isa = PBXFileReference; lastKnownFileType = sourcecode.swift; path = watchdata_appUITestsLaunchTests.swift; sourceTree = "<group>"; };
/* End PBXFileReference section */

/* Begin PBXFrameworksBuildPhase section */
		881D2EE72E57F67800A7D89D /* Frameworks */ = {
			isa = PBXFrameworksBuildPhase;
			buildActionMask = 2147483647;
			files = (
			);
			runOnlyForDeploymentPostprocessing = 0;
		};
		881D2EF82E57F67A00A7D89D /* Frameworks */ = {
			isa = PBXFrameworksBuildPhase;
			buildActionMask = 2147483647;
			files = (
			);
			runOnlyForDeploymentPostprocessing = 0;
		};
		881D2F022E57F67A00A7D89D /* Frameworks */ = {
			isa = PBXFrameworksBuildPhase;
			buildActionMask = 2147483647;
			files = (
			);
			runOnlyForDeploymentPostprocessing = 0;
		};
/* End PBXFrameworksBuildPhase section */

/* Begin PBXGroup section */
		881D2EE12E57F67800A7D89D = {
			isa = PBXGroup;
			children = (
				881D2EEC2E57F67800A7D89D /* watchdata-app */,
				881D2EFE2E57F67A00A7D89D /* watchdata-appTests */,
				881D2F082E57F67A00A7D89D /* watchdata-appUITests */,
				881D2EEB2E57F67800A7D89D /* Products */,
			);
			sourceTree = "<group>";
		};
		881D2EEB2E57F67800A7D89D /* Products */ = {
			isa = PBXGroup;
			children = (
				881D2EEA2E57F67800A7D89D /* watchdata-app.app */,
				881D2EFB2E57F67A00A7D89D /* watchdata-appTests.xctest */,
				881D2F052E57F67A00A7D89D /* watchdata-appUITests.xctest */,
			);
			name = Products;
			sourceTree = "<group>";
		};
		881D2EEC2E57F67800A7D89D /* watchdata-app */ = {
			isa = PBXGroup;
			children = (
				881D2EED2E57F67800A7D89D /* watchdata_appApp.swift */,
				881D2EEF2E57F67800A7D89D /* ContentView.swift */,
				881D2EF12E57F67A00A7D89D /* Assets.xcassets */,
				881D2EF32E57F67A00A7D89D /* watchdata_app.entitlements */,
				881D2EF42E57F67A00A7D89D /* Preview Content */,
			);
			path = "watchdata-app";
			sourceTree = "<group>";
		};
		881D2EF42E57F67A00A7D89D /* Preview Content */ = {
			isa = PBXGroup;
			children = (
				881D2EF52E57F67A00A7D89D /* Preview Assets.xcassets */,
			);
			path = "Preview Content";
			sourceTree = "<group>";
		};
		881D2EFE2E57F67A00A7D89D /* watchdata-appTests */ = {
			isa = PBXGroup;
			children = (
				881D2EFF2E57F67A00A7D89D /* watchdata_appTests.swift */,
			);
			path = "watchdata-appTests";
			sourceTree = "<group>";
		};
		881D2F082E57F67A00A7D89D /* watchdata-appUITests */ = {
			isa = PBXGroup;
			children = (
				881D2F092E57F67A00A7D89D /* watchdata_appUITests.swift */,
				881D2F0B2E57F67A00A7D89D /* watchdata_appUITestsLaunchTests.swift */,
			);
			path = "watchdata-appUITests";
			sourceTree = "<group>";
		};
/* End PBXGroup section */

/* Begin PBXNativeTarget section */
		881D2EE92E57F67800A7D89D /* watchdata-app */ = {
			isa = PBXNativeTarget;
			buildConfigurationList = 881D2F0F2E57F67A00A7D89D /* Build configuration list for PBXNativeTarget "watchdata-app" */;
			buildPhases = (
				881D2EE62E57F67800A7D89D /* Sources */,
				881D2EE72E57F67800A7D89D /* Frameworks */,
				881D2EE82E57F67800A7D89D /* Resources */,
			);
			buildRules = (
			);
			dependencies = (
			);
			name = "watchdata-app";
			productName = "watchdata-app";
			productReference = 881D2EEA2E57F67800A7D89D /* watchdata-app.app */;
			productType = "com.apple.product-type.application";
		};
		881D2EFA2E57F67A00A7D89D /* watchdata-appTests */ = {
			isa = PBXNativeTarget;
			buildConfigurationList = 881D2F122E57F67A00A7D89D /* Build configuration list for PBXNativeTarget "watchdata-appTests" */;
			buildPhases = (
				881D2EF72E57F67A00A7D89D /* Sources */,
				881D2EF82E57F67A00A7D89D /* Frameworks */,
				881D2EF92E57F67A00A7D89D /* Resources */,
			);
			buildRules = (
			);
			dependencies = (
				881D2EFD2E57F67A00A7D89D /* PBXTargetDependency */,
			);
			name = "watchdata-appTests";
			productName = "watchdata-appTests";
			productReference = 881D2EFB2E57F67A00A7D89D /* watchdata-appTests.xctest */;
			productType = "com.apple.product-type.bundle.unit-test";
		};
		881D2F042E57F67A00A7D89D /* watchdata-appUITests */ = {
			isa = PBXNativeTarget;
			buildConfigurationList = 881D2F152E57F67A00A7D89D /* Build configuration list for PBXNativeTarget "watchdata-appUITests" */;
			buildPhases = (
				881D2F012E57F67A00A7D89D /* Sources */,
				881D2F022E57F67A00A7D89D /* Frameworks */,
				881D2F032E57F67A00A7D89D /* Resources */,
			);
			buildRules = (
			);
			dependencies = (
				881D2F072E57F67A00A7D89D /* PBXTargetDependency */,
			);
			name = "watchdata-appUITests";
			productName = "watchdata-appUITests";
			productReference = 881D2F052E57F67A00A7D89D /* watchdata-appUITests.xctest */;
			productType = "com.apple.product-type.bundle.ui-testing";
		};
/* End PBXNativeTarget section */

/* Begin PBXProject section */
		881D2EE22E57F67800A7D89D /* Project object */ = {
			isa = PBXProject;
			attributes = {
				BuildIndependentTargetsInParallel = 1;
				LastSwiftUpdateCheck = 1540;
				LastUpgradeCheck = 1540;
				TargetAttributes = {
					881D2EE92E57F67800A7D89D = {
						CreatedOnToolsVersion = 15.4;
					};
					881D2EFA2E57F67A00A7D89D = {
						CreatedOnToolsVersion = 15.4;
						TestTargetID = 881D2EE92E57F67800A7D89D;
					};
					881D2F042E57F67A00A7D89D = {
						CreatedOnToolsVersion = 15.4;
						TestTargetID = 881D2EE92E57F67800A7D89D;
					};
				};
			};
			buildConfigurationList = 881D2EE52E57F67800A7D89D /* Build configuration list for PBXProject "watchdata-app" */;
			compatibilityVersion = "Xcode 14.0";
			developmentRegion = en;
			hasScannedForEncodings = 0;
			knownRegions = (
				en,
				Base,
			);
			mainGroup = 881D2EE12E57F67800A7D89D;
			productRefGroup = 881D2EEB2E57F67800A7D89D /* Products */;
			projectDirPath = "";
			projectRoot = "";
			targets = (
				881D2EE92E57F67800A7D89D /* watchdata-app */,
				881D2EFA2E57F67A00A7D89D /* watchdata-appTests */,
				881D2F042E57F67A00A7D89D /* watchdata-appUITests */,
			);
		};
/* End PBXProject section */

/* Begin PBXResourcesBuildPhase section */
		881D2EE82E57F67800A7D89D /* Resources */ = {
			isa = PBXResourcesBuildPhase;
			buildActionMask = 2147483647;
			files = (
				881D2EF62E57F67A00A7D89D /* Preview Assets.xcassets in Resources */,
				881D2EF22E57F67A00A7D89D /* Assets.xcassets in Resources */,
			);
			runOnlyForDeploymentPostprocessing = 0;
		};
		881D2EF92E57F67A00A7D89D /* Resources */ = {
			isa = PBXResourcesBuildPhase;
			buildActionMask = 2147483647;
			files = (
			);
			runOnlyForDeploymentPostprocessing = 0;
		};
		881D2F032E57F67A00A7D89D /* Resources */ = {
			isa = PBXResourcesBuildPhase;
			buildActionMask = 2147483647;
			files = (
			);
			runOnlyForDeploymentPostprocessing = 0;
		};
/* End PBXResourcesBuildPhase section */

/* Begin PBXSourcesBuildPhase section */
		881D2EE62E57F67800A7D89D /* Sources */ = {
			isa = PBXSourcesBuildPhase;
			buildActionMask = 2147483647;
			files = (
				881D2EF02E57F67800A7D89D /* ContentView.swift in Sources */,
				881D2EEE2E57F67800A7D89D /* watchdata_appApp.swift in Sources */,
			);
			runOnlyForDeploymentPostprocessing = 0;
		};
		881D2EF72E57F67A00A7D89D /* Sources */ = {
			isa = PBXSourcesBuildPhase;
			buildActionMask = 2147483647;
			files = (
				881D2F002E57F67A00A7D89D /* watchdata_appTests.swift in Sources */,
			);
			runOnlyForDeploymentPostprocessing = 0;
		};
		881D2F012E57F67A00A7D89D /* Sources */ = {
			isa = PBXSourcesBuildPhase;
			buildActionMask = 2147483647;
			files = (
				881D2F0C2E57F67A00A7D89D /* watchdata_appUITestsLaunchTests.swift in Sources */,
				881D2F0A2E57F67A00A7D89D /* watchdata_appUITests.swift in Sources */,
			);
			runOnlyForDeploymentPostprocessing = 0;
		};
/* End PBXSourcesBuildPhase section */

/* Begin PBXTargetDependency section */
		881D2EFD2E57F67A00A7D89D /* PBXTargetDependency */ = {
			isa = PBXTargetDependency;
			target = 881D2EE92E57F67800A7D89D /* watchdata-app */;
			targetProxy = 881D2EFC2E57F67A00A7D89D /* PBXContainerItemProxy */;
		};
		881D2F072E57F67A00A7D89D /* PBXTargetDependency */ = {
			isa = PBXTargetDependency;
			target = 881D2EE92E57F67800A7D89D /* watchdata-app */;
			targetProxy = 881D2F062E57F67A00A7D89D /* PBXContainerItemProxy */;
		};
/* End PBXTargetDependency section */

/* Begin XCBuildConfiguration section */
		881D2F0D2E57F67A00A7D89D /* Debug */ = {
			isa = XCBuildConfiguration;
			buildSettings = {
				ALWAYS_SEARCH_USER_PATHS = NO;
				ASSETCATALOG_COMPILER_GENERATE_SWIFT_ASSET_SYMBOL_EXTENSIONS = YES;
				CLANG_ANALYZER_NONNULL = YES;
				CLANG_ANALYZER_NUMBER_OBJECT_CONVERSION = YES_AGGRESSIVE;
				CLANG_CXX_LANGUAGE_STANDARD = "gnu++20";
				CLANG_ENABLE_MODULES = YES;
				CLANG_ENABLE_OBJC_ARC = YES;
				CLANG_ENABLE_OBJC_WEAK = YES;
				CLANG_WARN_BLOCK_CAPTURE_AUTORELEASING = YES;
				CLANG_WARN_BOOL_CONVERSION = YES;
				CLANG_WARN_COMMA = YES;
				CLANG_WARN_CONSTANT_CONVERSION = YES;
				CLANG_WARN_DEPRECATED_OBJC_IMPLEMENTATIONS = YES;
				CLANG_WARN_DIRECT_OBJC_ISA_USAGE = YES_ERROR;
				CLANG_WARN_DOCUMENTATION_COMMENTS = YES;
				CLANG_WARN_EMPTY_BODY = YES;
				CLANG_WARN_ENUM_CONVERSION = YES;
				CLANG_WARN_INFINITE_RECURSION = YES;
				CLANG_WARN_INT_CONVERSION = YES;
				CLANG_WARN_NON_LITERAL_NULL_CONVERSION = YES;
				CLANG_WARN_OBJC_IMPLICIT_RETAIN_SELF = YES;
				CLANG_WARN_OBJC_LITERAL_CONVERSION = YES;
				CLANG_WARN_OBJC_ROOT_CLASS = YES_ERROR;
				CLANG_WARN_QUOTED_INCLUDE_IN_FRAMEWORK_HEADER = YES;
				CLANG_WARN_RANGE_LOOP_ANALYSIS = YES;
				CLANG_WARN_STRICT_PROTOTYPES = YES;
				CLANG_WARN_SUSPICIOUS_MOVE = YES;
				CLANG_WARN_UNGUARDED_AVAILABILITY = YES_AGGRESSIVE;
				CLANG_WARN_UNREACHABLE_CODE = YES;
				CLANG_WARN__DUPLICATE_METHOD_MATCH = YES;
				COPY_PHASE_STRIP = NO;
				DEBUG_INFORMATION_FORMAT = dwarf;
				ENABLE_STRICT_OBJC_MSGSEND = YES;
				ENABLE_TESTABILITY = YES;
				ENABLE_USER_SCRIPT_SANDBOXING = YES;
				GCC_C_LANGUAGE_STANDARD = gnu17;
				GCC_DYNAMIC_NO_PIC = NO;
				GCC_NO_COMMON_BLOCKS = YES;
				GCC_OPTIMIZATION_LEVEL = 0;
				GCC_PREPROCESSOR_DEFINITIONS = (
					"DEBUG=1",
					"$(inherited)",
				);
				GCC_WARN_64_TO_32_BIT_CONVERSION = YES;
				GCC_WARN_ABOUT_RETURN_TYPE = YES_ERROR;
				GCC_WARN_UNDECLARED_SELECTOR = YES;
				GCC_WARN_UNINITIALIZED_AUTOS = YES_AGGRESSIVE;
				GCC_WARN_UNUSED_FUNCTION = YES;
				GCC_WARN_UNUSED_VARIABLE = YES;
				LOCALIZATION_PREFERS_STRING_CATALOGS = YES;
				MTL_ENABLE_DEBUG_INFO = INCLUDE_SOURCE;
				MTL_FAST_MATH = YES;
				ONLY_ACTIVE_ARCH = YES;
				SWIFT_ACTIVE_COMPILATION_CONDITIONS = "DEBUG $(inherited)";
				SWIFT_OPTIMIZATION_LEVEL = "-Onone";
			};
			name = Debug;
		};
		881D2F0E2E57F67A00A7D89D /* Release */ = {
			isa = XCBuildConfiguration;
			buildSettings = {
				ALWAYS_SEARCH_USER_PATHS = NO;
				ASSETCATALOG_COMPILER_GENERATE_SWIFT_ASSET_SYMBOL_EXTENSIONS = YES;
				CLANG_ANALYZER_NONNULL = YES;
				CLANG_ANALYZER_NUMBER_OBJECT_CONVERSION = YES_AGGRESSIVE;
				CLANG_CXX_LANGUAGE_STANDARD = "gnu++20";
				CLANG_ENABLE_MODULES = YES;
				CLANG_ENABLE_OBJC_ARC = YES;
				CLANG_ENABLE_OBJC_WEAK = YES;
				CLANG_WARN_BLOCK_CAPTURE_AUTORELEASING = YES;
				CLANG_WARN_BOOL_CONVERSION = YES;
				CLANG_WARN_COMMA = YES;
				CLANG_WARN_CONSTANT_CONVERSION = YES;
				CLANG_WARN_DEPRECATED_OBJC_IMPLEMENTATIONS = YES;
				CLANG_WARN_DIRECT_OBJC_ISA_USAGE = YES_ERROR;
				CLANG_WARN_DOCUMENTATION_COMMENTS = YES;
				CLANG_WARN_EMPTY_BODY = YES;
				CLANG_WARN_ENUM_CONVERSION = YES;
				CLANG_WARN_INFINITE_RECURSION = YES;
				CLANG_WARN_INT_CONVERSION = YES;
				CLANG_WARN_NON_LITERAL_NULL_CONVERSION = YES;
				CLANG_WARN_OBJC_IMPLICIT_RETAIN_SELF = YES;
				CLANG_WARN_OBJC_LITERAL_CONVERSION = YES;
				CLANG_WARN_OBJC_ROOT_CLASS = YES_ERROR;
				CLANG_WARN_QUOTED_INCLUDE_IN_FRAMEWORK_HEADER = YES;
				CLANG_WARN_RANGE_LOOP_ANALYSIS = YES;
				CLANG_WARN_STRICT_PROTOTYPES = YES;
				CLANG_WARN_SUSPICIOUS_MOVE = YES;
				CLANG_WARN_UNGUARDED_AVAILABILITY = YES_AGGRESSIVE;
				CLANG_WARN_UNREACHABLE_CODE = YES;
				CLANG_WARN__DUPLICATE_METHOD_MATCH = YES;
				COPY_PHASE_STRIP = NO;
				DEBUG_INFORMATION_FORMAT = "dwarf-with-dsym";
				ENABLE_NS_ASSERTIONS = NO;
				ENABLE_STRICT_OBJC_MSGSEND = YES;
				ENABLE_USER_SCRIPT_SANDBOXING = YES;
				GCC_C_LANGUAGE_STANDARD = gnu17;
				GCC_NO_COMMON_BLOCKS = YES;
				GCC_WARN_64_TO_32_BIT_CONVERSION = YES;
				GCC_WARN_ABOUT_RETURN_TYPE = YES_ERROR;
				GCC_WARN_UNDECLARED_SELECTOR = YES;
				GCC_WARN_UNINITIALIZED_AUTOS = YES_AGGRESSIVE;
				GCC_WARN_UNUSED_FUNCTION = YES;
				GCC_WARN_UNUSED_VARIABLE = YES;
				LOCALIZATION_PREFERS_STRING_CATALOGS = YES;
				MTL_ENABLE_DEBUG_INFO = NO;
				MTL_FAST_MATH = YES;
				SWIFT_COMPILATION_MODE = wholemodule;
			};
			name = Release;
		};
		881D2F102E57F67A00A7D89D /* Debug */ = {
			isa = XCBuildConfiguration;
			buildSettings = {
				ASSETCATALOG_COMPILER_APPICON_NAME = AppIcon;
				ASSETCATALOG_COMPILER_GLOBAL_ACCENT_COLOR_NAME = AccentColor;
				CODE_SIGN_ENTITLEMENTS = "watchdata-app/watchdata_app.entitlements";
				CODE_SIGN_STYLE = Automatic;
				CURRENT_PROJECT_VERSION = 1;
				DEVELOPMENT_ASSET_PATHS = "\"watchdata-app/Preview Content\"";
				ENABLE_PREVIEWS = YES;
				GENERATE_INFOPLIST_FILE = YES;
				"INFOPLIST_KEY_UIApplicationSceneManifest_Generation[sdk=iphoneos*]" = YES;
				"INFOPLIST_KEY_UIApplicationSceneManifest_Generation[sdk=iphonesimulator*]" = YES;
				"INFOPLIST_KEY_UIApplicationSupportsIndirectInputEvents[sdk=iphoneos*]" = YES;
				"INFOPLIST_KEY_UIApplicationSupportsIndirectInputEvents[sdk=iphonesimulator*]" = YES;
				"INFOPLIST_KEY_UILaunchScreen_Generation[sdk=iphoneos*]" = YES;
				"INFOPLIST_KEY_UILaunchScreen_Generation[sdk=iphonesimulator*]" = YES;
				"INFOPLIST_KEY_UIStatusBarStyle[sdk=iphoneos*]" = UIStatusBarStyleDefault;
				"INFOPLIST_KEY_UIStatusBarStyle[sdk=iphonesimulator*]" = UIStatusBarStyleDefault;
				INFOPLIST_KEY_UISupportedInterfaceOrientations_iPad = "UIInterfaceOrientationPortrait UIInterfaceOrientationPortraitUpsideDown UIInterfaceOrientationLandscapeLeft UIInterfaceOrientationLandscapeRight";
				INFOPLIST_KEY_UISupportedInterfaceOrientations_iPhone = "UIInterfaceOrientationPortrait UIInterfaceOrientationLandscapeLeft UIInterfaceOrientationLandscapeRight";
				IPHONEOS_DEPLOYMENT_TARGET = 17.5;
				LD_RUNPATH_SEARCH_PATHS = "@executable_path/Frameworks";
				"LD_RUNPATH_SEARCH_PATHS[sdk=macosx*]" = "@executable_path/../Frameworks";
				MACOSX_DEPLOYMENT_TARGET = 14.2;
				MARKETING_VERSION = 1.0;
				PRODUCT_BUNDLE_IDENTIFIER = "LaCanna.watchdata-app";
				PRODUCT_NAME = "$(TARGET_NAME)";
				SDKROOT = auto;
				SUPPORTED_PLATFORMS = "iphoneos iphonesimulator macosx";
				SWIFT_EMIT_LOC_STRINGS = YES;
				SWIFT_VERSION = 5.0;
				TARGETED_DEVICE_FAMILY = "1,2";
			};
			name = Debug;
		};
		881D2F112E57F67A00A7D89D /* Release */ = {
			isa = XCBuildConfiguration;
			buildSettings = {
				ASSETCATALOG_COMPILER_APPICON_NAME = AppIcon;
				ASSETCATALOG_COMPILER_GLOBAL_ACCENT_COLOR_NAME = AccentColor;
				CODE_SIGN_ENTITLEMENTS = "watchdata-app/watchdata_app.entitlements";
				CODE_SIGN_STYLE = Automatic;
				CURRENT_PROJECT_VERSION = 1;
				DEVELOPMENT_ASSET_PATHS = "\"watchdata-app/Preview Content\"";
				ENABLE_PREVIEWS = YES;
				GENERATE_INFOPLIST_FILE = YES;
				"INFOPLIST_KEY_UIApplicationSceneManifest_Generation[sdk=iphoneos*]" = YES;
				"INFOPLIST_KEY_UIApplicationSceneManifest_Generation[sdk=iphonesimulator*]" = YES;
				"INFOPLIST_KEY_UIApplicationSupportsIndirectInputEvents[sdk=iphoneos*]" = YES;
				"INFOPLIST_KEY_UIApplicationSupportsIndirectInputEvents[sdk=iphonesimulator*]" = YES;
				"INFOPLIST_KEY_UILaunchScreen_Generation[sdk=iphoneos*]" = YES;
				"INFOPLIST_KEY_UILaunchScreen_Generation[sdk=iphonesimulator*]" = YES;
				"INFOPLIST_KEY_UIStatusBarStyle[sdk=iphoneos*]" = UIStatusBarStyleDefault;
				"INFOPLIST_KEY_UIStatusBarStyle[sdk=iphonesimulator*]" = UIStatusBarStyleDefault;
				INFOPLIST_KEY_UISupportedInterfaceOrientations_iPad = "UIInterfaceOrientationPortrait UIInterfaceOrientationPortraitUpsideDown UIInterfaceOrientationLandscapeLeft UIInterfaceOrientationLandscapeRight";
				INFOPLIST_KEY_UISupportedInterfaceOrientations_iPhone = "UIInterfaceOrientationPortrait UIInterfaceOrientationLandscapeLeft UIInterfaceOrientationLandscapeRight";
				IPHONEOS_DEPLOYMENT_TARGET = 17.5;
				LD_RUNPATH_SEARCH_PATHS = "@executable_path/Frameworks";
				"LD_RUNPATH_SEARCH_PATHS[sdk=macosx*]" = "@executable_path/../Frameworks";
				MACOSX_DEPLOYMENT_TARGET = 14.2;
				MARKETING_VERSION = 1.0;
				PRODUCT_BUNDLE_IDENTIFIER = "LaCanna.watchdata-app";
				PRODUCT_NAME = "$(TARGET_NAME)";
				SDKROOT = auto;
				SUPPORTED_PLATFORMS = "iphoneos iphonesimulator macosx";
				SWIFT_EMIT_LOC_STRINGS = YES;
				SWIFT_VERSION = 5.0;
				TARGETED_DEVICE_FAMILY = "1,2";
			};
			name = Release;
		};
		881D2F132E57F67A00A7D89D /* Debug */ = {
			isa = XCBuildConfiguration;
			buildSettings = {
				ALWAYS_EMBED_SWIFT_STANDARD_LIBRARIES = YES;
				BUNDLE_LOADER = "$(TEST_HOST)";
				CODE_SIGN_STYLE = Automatic;
				CURRENT_PROJECT_VERSION = 1;
				GENERATE_INFOPLIST_FILE = YES;
				IPHONEOS_DEPLOYMENT_TARGET = 17.5;
				MACOSX_DEPLOYMENT_TARGET = 14.2;
				MARKETING_VERSION = 1.0;
				PRODUCT_BUNDLE_IDENTIFIER = "LaCanna.watchdata-appTests";
				PRODUCT_NAME = "$(TARGET_NAME)";
				SDKROOT = auto;
				SUPPORTED_PLATFORMS = "iphoneos iphonesimulator macosx";
				SWIFT_EMIT_LOC_STRINGS = NO;
				SWIFT_VERSION = 5.0;
				TARGETED_DEVICE_FAMILY = "1,2";
				TEST_HOST = "$(BUILT_PRODUCTS_DIR)/watchdata-app.app/$(BUNDLE_EXECUTABLE_FOLDER_PATH)/watchdata-app";
			};
			name = Debug;
		};
		881D2F142E57F67A00A7D89D /* Release */ = {
			isa = XCBuildConfiguration;
			buildSettings = {
				ALWAYS_EMBED_SWIFT_STANDARD_LIBRARIES = YES;
				BUNDLE_LOADER = "$(TEST_HOST)";
				CODE_SIGN_STYLE = Automatic;
				CURRENT_PROJECT_VERSION = 1;
				GENERATE_INFOPLIST_FILE = YES;
				IPHONEOS_DEPLOYMENT_TARGET = 17.5;
				MACOSX_DEPLOYMENT_TARGET = 14.2;
				MARKETING_VERSION = 1.0;
				PRODUCT_BUNDLE_IDENTIFIER = "LaCanna.watchdata-appTests";
				PRODUCT_NAME = "$(TARGET_NAME)";
				SDKROOT = auto;
				SUPPORTED_PLATFORMS = "iphoneos iphonesimulator macosx";
				SWIFT_EMIT_LOC_STRINGS = NO;
				SWIFT_VERSION = 5.0;
				TARGETED_DEVICE_FAMILY = "1,2";
				TEST_HOST = "$(BUILT_PRODUCTS_DIR)/watchdata-app.app/$(BUNDLE_EXECUTABLE_FOLDER_PATH)/watchdata-app";
			};
			name = Release;
		};
		881D2F162E57F67A00A7D89D /* Debug */ = {
			isa = XCBuildConfiguration;
			buildSettings = {
				ALWAYS_EMBED_SWIFT_STANDARD_LIBRARIES = YES;
				CODE_SIGN_STYLE = Automatic;
				CURRENT_PROJECT_VERSION = 1;
				GENERATE_INFOPLIST_FILE = YES;
				IPHONEOS_DEPLOYMENT_TARGET = 17.5;
				MACOSX_DEPLOYMENT_TARGET = 14.2;
				MARKETING_VERSION = 1.0;
				PRODUCT_BUNDLE_IDENTIFIER = "LaCanna.watchdata-appUITests";
				PRODUCT_NAME = "$(TARGET_NAME)";
				SDKROOT = auto;
				SUPPORTED_PLATFORMS = "iphoneos iphonesimulator macosx";
				SWIFT_EMIT_LOC_STRINGS = NO;
				SWIFT_VERSION = 5.0;
				TARGETED_DEVICE_FAMILY = "1,2";
				TEST_TARGET_NAME = "watchdata-app";
			};
			name = Debug;
		};
		881D2F172E57F67A00A7D89D /* Release */ = {
			isa = XCBuildConfiguration;
			buildSettings = {
				ALWAYS_EMBED_SWIFT_STANDARD_LIBRARIES = YES;
				CODE_SIGN_STYLE = Automatic;
				CURRENT_PROJECT_VERSION = 1;
				GENERATE_INFOPLIST_FILE = YES;
				IPHONEOS_DEPLOYMENT_TARGET = 17.5;
				MACOSX_DEPLOYMENT_TARGET = 14.2;
				MARKETING_VERSION = 1.0;
				PRODUCT_BUNDLE_IDENTIFIER = "LaCanna.watchdata-appUITests";
				PRODUCT_NAME = "$(TARGET_NAME)";
				SDKROOT = auto;
				SUPPORTED_PLATFORMS = "iphoneos iphonesimulator macosx";
				SWIFT_EMIT_LOC_STRINGS = NO;
				SWIFT_VERSION = 5.0;
				TARGETED_DEVICE_FAMILY = "1,2";
				TEST_TARGET_NAME = "watchdata-app";
			};
			name = Release;
		};
/* End XCBuildConfiguration section */

/* Begin XCConfigurationList section */
		881D2EE52E57F67800A7D89D /* Build configuration list for PBXProject "watchdata-app" */ = {
			isa = XCConfigurationList;
			buildConfigurations = (
				881D2F0D2E57F67A00A7D89D /* Debug */,
				881D2F0E2E57F67A00A7D89D /* Release */,
			);
			defaultConfigurationIsVisible = 0;
			defaultConfigurationName = Release;
		};
		881D2F0F2E57F67A00A7D89D /* Build configuration list for PBXNativeTarget "watchdata-app" */ = {
			isa = XCConfigurationList;
			buildConfigurations = (
				881D2F102E57F67A00A7D89D /* Debug */,
				881D2F112E57F67A00A7D89D /* Release */,
			);
			defaultConfigurationIsVisible = 0;
			defaultConfigurationName = Release;
		};
		881D2F122E57F67A00A7D89D /* Build configuration list for PBXNativeTarget "watchdata-appTests" */ = {
			isa = XCConfigurationList;
			buildConfigurations = (
				881D2F132E57F67A00A7D89D /* Debug */,
				881D2F142E57F67A00A7D89D /* Release */,
			);
			defaultConfigurationIsVisible = 0;
			defaultConfigurationName = Release;
		};
		881D2F152E57F67A00A7D89D /* Build configuration list for PBXNativeTarget "watchdata-appUITests" */ = {
			isa = XCConfigurationList;
			buildConfigurations = (
				881D2F162E57F67A00A7D89D /* Debug */,
				881D2F172E57F67A00A7D89D /* Release */,
			);
			defaultConfigurationIsVisible = 0;
			defaultConfigurationName = Release;
		};
/* End XCConfigurationList section */
	};
	rootObject = 881D2EE22E57F67800A7D89D /* Project object */;
}
